// !$*UTF8*$!
{
	archiveVersion = 1;
	classes = {
	};
	objectVersion = 46;
	objects = {

/* Begin PBXBuildFile section */
		4E3CFB131B8EEF4F00BD62AC /* AppDelegate.swift in Sources */ = {isa = PBXBuildFile; fileRef = 4E3CFB121B8EEF4F00BD62AC /* AppDelegate.swift */; };
		4E3CFB151B8EEF4F00BD62AC /* MasterViewController.swift in Sources */ = {isa = PBXBuildFile; fileRef = 4E3CFB141B8EEF4F00BD62AC /* MasterViewController.swift */; };
		4E3CFB171B8EEF4F00BD62AC /* DetailViewController.swift in Sources */ = {isa = PBXBuildFile; fileRef = 4E3CFB161B8EEF4F00BD62AC /* DetailViewController.swift */; };
		4E3CFB1A1B8EEF4F00BD62AC /* Main.storyboard in Resources */ = {isa = PBXBuildFile; fileRef = 4E3CFB181B8EEF4F00BD62AC /* Main.storyboard */; };
		4E3CFB1C1B8EEF4F00BD62AC /* Assets.xcassets in Resources */ = {isa = PBXBuildFile; fileRef = 4E3CFB1B1B8EEF4F00BD62AC /* Assets.xcassets */; };
		4E3CFB1F1B8EEF4F00BD62AC /* LaunchScreen.storyboard in Resources */ = {isa = PBXBuildFile; fileRef = 4E3CFB1D1B8EEF4F00BD62AC /* LaunchScreen.storyboard */; };
		4E3CFB2A1B8EEF5000BD62AC /* MangerExampleTests.swift in Sources */ = {isa = PBXBuildFile; fileRef = 4E3CFB291B8EEF5000BD62AC /* MangerExampleTests.swift */; };
		4E3CFB351B8EEF5000BD62AC /* MangerExampleUITests.swift in Sources */ = {isa = PBXBuildFile; fileRef = 4E3CFB341B8EEF5000BD62AC /* MangerExampleUITests.swift */; };
		4E3CFB431B8EEF6A00BD62AC /* MangerKit.framework in Frameworks */ = {isa = PBXBuildFile; fileRef = 4E3CFB421B8EEF6A00BD62AC /* MangerKit.framework */; };
		4E3CFB811B8F5B1E00BD62AC /* cert.der in Resources */ = {isa = PBXBuildFile; fileRef = 4E3CFB801B8F5B1E00BD62AC /* cert.der */; settings = {ASSET_TAGS = (); }; };
/* End PBXBuildFile section */

/* Begin PBXContainerItemProxy section */
		4E3CFB261B8EEF5000BD62AC /* PBXContainerItemProxy */ = {
			isa = PBXContainerItemProxy;
			containerPortal = 4E3CFB071B8EEF4F00BD62AC /* Project object */;
			proxyType = 1;
			remoteGlobalIDString = 4E3CFB0E1B8EEF4F00BD62AC;
			remoteInfo = MangerExample;
		};
		4E3CFB311B8EEF5000BD62AC /* PBXContainerItemProxy */ = {
			isa = PBXContainerItemProxy;
			containerPortal = 4E3CFB071B8EEF4F00BD62AC /* Project object */;
			proxyType = 1;
			remoteGlobalIDString = 4E3CFB0E1B8EEF4F00BD62AC;
			remoteInfo = MangerExample;
		};
/* End PBXContainerItemProxy section */

/* Begin PBXFileReference section */
		4E3CFB0F1B8EEF4F00BD62AC /* MangerExample.app */ = {isa = PBXFileReference; explicitFileType = wrapper.application; includeInIndex = 0; path = MangerExample.app; sourceTree = BUILT_PRODUCTS_DIR; };
		4E3CFB121B8EEF4F00BD62AC /* AppDelegate.swift */ = {isa = PBXFileReference; lastKnownFileType = sourcecode.swift; path = AppDelegate.swift; sourceTree = "<group>"; };
		4E3CFB141B8EEF4F00BD62AC /* MasterViewController.swift */ = {isa = PBXFileReference; lastKnownFileType = sourcecode.swift; path = MasterViewController.swift; sourceTree = "<group>"; };
		4E3CFB161B8EEF4F00BD62AC /* DetailViewController.swift */ = {isa = PBXFileReference; lastKnownFileType = sourcecode.swift; path = DetailViewController.swift; sourceTree = "<group>"; };
		4E3CFB191B8EEF4F00BD62AC /* Base */ = {isa = PBXFileReference; lastKnownFileType = file.storyboard; name = Base; path = Base.lproj/Main.storyboard; sourceTree = "<group>"; };
		4E3CFB1B1B8EEF4F00BD62AC /* Assets.xcassets */ = {isa = PBXFileReference; lastKnownFileType = folder.assetcatalog; path = Assets.xcassets; sourceTree = "<group>"; };
		4E3CFB1E1B8EEF4F00BD62AC /* Base */ = {isa = PBXFileReference; lastKnownFileType = file.storyboard; name = Base; path = Base.lproj/LaunchScreen.storyboard; sourceTree = "<group>"; };
		4E3CFB201B8EEF4F00BD62AC /* Info.plist */ = {isa = PBXFileReference; lastKnownFileType = text.plist.xml; path = Info.plist; sourceTree = "<group>"; };
		4E3CFB251B8EEF5000BD62AC /* MangerExampleTests.xctest */ = {isa = PBXFileReference; explicitFileType = wrapper.cfbundle; includeInIndex = 0; path = MangerExampleTests.xctest; sourceTree = BUILT_PRODUCTS_DIR; };
		4E3CFB291B8EEF5000BD62AC /* MangerExampleTests.swift */ = {isa = PBXFileReference; lastKnownFileType = sourcecode.swift; path = MangerExampleTests.swift; sourceTree = "<group>"; };
		4E3CFB2B1B8EEF5000BD62AC /* Info.plist */ = {isa = PBXFileReference; lastKnownFileType = text.plist.xml; path = Info.plist; sourceTree = "<group>"; };
		4E3CFB301B8EEF5000BD62AC /* MangerExampleUITests.xctest */ = {isa = PBXFileReference; explicitFileType = wrapper.cfbundle; includeInIndex = 0; path = MangerExampleUITests.xctest; sourceTree = BUILT_PRODUCTS_DIR; };
		4E3CFB341B8EEF5000BD62AC /* MangerExampleUITests.swift */ = {isa = PBXFileReference; lastKnownFileType = sourcecode.swift; path = MangerExampleUITests.swift; sourceTree = "<group>"; };
		4E3CFB361B8EEF5000BD62AC /* Info.plist */ = {isa = PBXFileReference; lastKnownFileType = text.plist.xml; path = Info.plist; sourceTree = "<group>"; };
		4E3CFB421B8EEF6A00BD62AC /* MangerKit.framework */ = {isa = PBXFileReference; lastKnownFileType = wrapper.framework; name = MangerKit.framework; path = "../MangerKit/build/Debug-iphoneos/MangerKit.framework"; sourceTree = "<group>"; };
		4E3CFB801B8F5B1E00BD62AC /* cert.der */ = {isa = PBXFileReference; lastKnownFileType = file; path = cert.der; sourceTree = "<group>"; };
/* End PBXFileReference section */

/* Begin PBXFrameworksBuildPhase section */
		4E3CFB0C1B8EEF4F00BD62AC /* Frameworks */ = {
			isa = PBXFrameworksBuildPhase;
			buildActionMask = 2147483647;
			files = (
				4E3CFB431B8EEF6A00BD62AC /* MangerKit.framework in Frameworks */,
			);
			runOnlyForDeploymentPostprocessing = 0;
		};
		4E3CFB221B8EEF5000BD62AC /* Frameworks */ = {
			isa = PBXFrameworksBuildPhase;
			buildActionMask = 2147483647;
			files = (
			);
			runOnlyForDeploymentPostprocessing = 0;
		};
		4E3CFB2D1B8EEF5000BD62AC /* Frameworks */ = {
			isa = PBXFrameworksBuildPhase;
			buildActionMask = 2147483647;
			files = (
			);
			runOnlyForDeploymentPostprocessing = 0;
		};
/* End PBXFrameworksBuildPhase section */

/* Begin PBXGroup section */
		4E3CFB061B8EEF4F00BD62AC = {
			isa = PBXGroup;
			children = (
				4E3CFB421B8EEF6A00BD62AC /* MangerKit.framework */,
				4E3CFB111B8EEF4F00BD62AC /* MangerExample */,
				4E3CFB281B8EEF5000BD62AC /* MangerExampleTests */,
				4E3CFB331B8EEF5000BD62AC /* MangerExampleUITests */,
				4E3CFB101B8EEF4F00BD62AC /* Products */,
			);
			sourceTree = "<group>";
		};
		4E3CFB101B8EEF4F00BD62AC /* Products */ = {
			isa = PBXGroup;
			children = (
				4E3CFB0F1B8EEF4F00BD62AC /* MangerExample.app */,
				4E3CFB251B8EEF5000BD62AC /* MangerExampleTests.xctest */,
				4E3CFB301B8EEF5000BD62AC /* MangerExampleUITests.xctest */,
			);
			name = Products;
			sourceTree = "<group>";
		};
		4E3CFB111B8EEF4F00BD62AC /* MangerExample */ = {
			isa = PBXGroup;
			children = (
				4E3CFB801B8F5B1E00BD62AC /* cert.der */,
				4E3CFB121B8EEF4F00BD62AC /* AppDelegate.swift */,
				4E3CFB141B8EEF4F00BD62AC /* MasterViewController.swift */,
				4E3CFB161B8EEF4F00BD62AC /* DetailViewController.swift */,
				4E3CFB181B8EEF4F00BD62AC /* Main.storyboard */,
				4E3CFB1B1B8EEF4F00BD62AC /* Assets.xcassets */,
				4E3CFB1D1B8EEF4F00BD62AC /* LaunchScreen.storyboard */,
				4E3CFB201B8EEF4F00BD62AC /* Info.plist */,
			);
			path = MangerExample;
			sourceTree = "<group>";
		};
		4E3CFB281B8EEF5000BD62AC /* MangerExampleTests */ = {
			isa = PBXGroup;
			children = (
				4E3CFB291B8EEF5000BD62AC /* MangerExampleTests.swift */,
				4E3CFB2B1B8EEF5000BD62AC /* Info.plist */,
			);
			path = MangerExampleTests;
			sourceTree = "<group>";
		};
		4E3CFB331B8EEF5000BD62AC /* MangerExampleUITests */ = {
			isa = PBXGroup;
			children = (
				4E3CFB341B8EEF5000BD62AC /* MangerExampleUITests.swift */,
				4E3CFB361B8EEF5000BD62AC /* Info.plist */,
			);
			path = MangerExampleUITests;
			sourceTree = "<group>";
		};
/* End PBXGroup section */

/* Begin PBXNativeTarget section */
		4E3CFB0E1B8EEF4F00BD62AC /* MangerExample */ = {
			isa = PBXNativeTarget;
			buildConfigurationList = 4E3CFB391B8EEF5000BD62AC /* Build configuration list for PBXNativeTarget "MangerExample" */;
			buildPhases = (
				4E3CFB0B1B8EEF4F00BD62AC /* Sources */,
				4E3CFB0C1B8EEF4F00BD62AC /* Frameworks */,
				4E3CFB0D1B8EEF4F00BD62AC /* Resources */,
			);
			buildRules = (
			);
			dependencies = (
			);
			name = MangerExample;
			productName = MangerExample;
			productReference = 4E3CFB0F1B8EEF4F00BD62AC /* MangerExample.app */;
			productType = "com.apple.product-type.application";
		};
		4E3CFB241B8EEF5000BD62AC /* MangerExampleTests */ = {
			isa = PBXNativeTarget;
			buildConfigurationList = 4E3CFB3C1B8EEF5000BD62AC /* Build configuration list for PBXNativeTarget "MangerExampleTests" */;
			buildPhases = (
				4E3CFB211B8EEF5000BD62AC /* Sources */,
				4E3CFB221B8EEF5000BD62AC /* Frameworks */,
				4E3CFB231B8EEF5000BD62AC /* Resources */,
			);
			buildRules = (
			);
			dependencies = (
				4E3CFB271B8EEF5000BD62AC /* PBXTargetDependency */,
			);
			name = MangerExampleTests;
			productName = MangerExampleTests;
			productReference = 4E3CFB251B8EEF5000BD62AC /* MangerExampleTests.xctest */;
			productType = "com.apple.product-type.bundle.unit-test";
		};
		4E3CFB2F1B8EEF5000BD62AC /* MangerExampleUITests */ = {
			isa = PBXNativeTarget;
			buildConfigurationList = 4E3CFB3F1B8EEF5000BD62AC /* Build configuration list for PBXNativeTarget "MangerExampleUITests" */;
			buildPhases = (
				4E3CFB2C1B8EEF5000BD62AC /* Sources */,
				4E3CFB2D1B8EEF5000BD62AC /* Frameworks */,
				4E3CFB2E1B8EEF5000BD62AC /* Resources */,
			);
			buildRules = (
			);
			dependencies = (
				4E3CFB321B8EEF5000BD62AC /* PBXTargetDependency */,
			);
			name = MangerExampleUITests;
			productName = MangerExampleUITests;
			productReference = 4E3CFB301B8EEF5000BD62AC /* MangerExampleUITests.xctest */;
			productType = "com.apple.product-type.bundle.ui-testing";
		};
/* End PBXNativeTarget section */

/* Begin PBXProject section */
		4E3CFB071B8EEF4F00BD62AC /* Project object */ = {
			isa = PBXProject;
			attributes = {
				LastUpgradeCheck = 0700;
				ORGANIZATIONNAME = "Michael Nisi";
				TargetAttributes = {
					4E3CFB0E1B8EEF4F00BD62AC = {
						CreatedOnToolsVersion = 7.0;
					};
					4E3CFB241B8EEF5000BD62AC = {
						CreatedOnToolsVersion = 7.0;
						TestTargetID = 4E3CFB0E1B8EEF4F00BD62AC;
					};
					4E3CFB2F1B8EEF5000BD62AC = {
						CreatedOnToolsVersion = 7.0;
						TestTargetID = 4E3CFB0E1B8EEF4F00BD62AC;
					};
				};
			};
			buildConfigurationList = 4E3CFB0A1B8EEF4F00BD62AC /* Build configuration list for PBXProject "MangerExample" */;
			compatibilityVersion = "Xcode 3.2";
			developmentRegion = English;
			hasScannedForEncodings = 0;
			knownRegions = (
				en,
				Base,
			);
			mainGroup = 4E3CFB061B8EEF4F00BD62AC;
			productRefGroup = 4E3CFB101B8EEF4F00BD62AC /* Products */;
			projectDirPath = "";
			projectRoot = "";
			targets = (
				4E3CFB0E1B8EEF4F00BD62AC /* MangerExample */,
				4E3CFB241B8EEF5000BD62AC /* MangerExampleTests */,
				4E3CFB2F1B8EEF5000BD62AC /* MangerExampleUITests */,
			);
		};
/* End PBXProject section */

/* Begin PBXResourcesBuildPhase section */
		4E3CFB0D1B8EEF4F00BD62AC /* Resources */ = {
			isa = PBXResourcesBuildPhase;
			buildActionMask = 2147483647;
			files = (
				4E3CFB1F1B8EEF4F00BD62AC /* LaunchScreen.storyboard in Resources */,
				4E3CFB1C1B8EEF4F00BD62AC /* Assets.xcassets in Resources */,
				4E3CFB1A1B8EEF4F00BD62AC /* Main.storyboard in Resources */,
				4E3CFB811B8F5B1E00BD62AC /* cert.der in Resources */,
			);
			runOnlyForDeploymentPostprocessing = 0;
		};
		4E3CFB231B8EEF5000BD62AC /* Resources */ = {
			isa = PBXResourcesBuildPhase;
			buildActionMask = 2147483647;
			files = (
			);
			runOnlyForDeploymentPostprocessing = 0;
		};
		4E3CFB2E1B8EEF5000BD62AC /* Resources */ = {
			isa = PBXResourcesBuildPhase;
			buildActionMask = 2147483647;
			files = (
			);
			runOnlyForDeploymentPostprocessing = 0;
		};
/* End PBXResourcesBuildPhase section */

/* Begin PBXSourcesBuildPhase section */
		4E3CFB0B1B8EEF4F00BD62AC /* Sources */ = {
			isa = PBXSourcesBuildPhase;
			buildActionMask = 2147483647;
			files = (
				4E3CFB171B8EEF4F00BD62AC /* DetailViewController.swift in Sources */,
				4E3CFB151B8EEF4F00BD62AC /* MasterViewController.swift in Sources */,
				4E3CFB131B8EEF4F00BD62AC /* AppDelegate.swift in Sources */,
			);
			runOnlyForDeploymentPostprocessing = 0;
		};
		4E3CFB211B8EEF5000BD62AC /* Sources */ = {
			isa = PBXSourcesBuildPhase;
			buildActionMask = 2147483647;
			files = (
				4E3CFB2A1B8EEF5000BD62AC /* MangerExampleTests.swift in Sources */,
			);
			runOnlyForDeploymentPostprocessing = 0;
		};
		4E3CFB2C1B8EEF5000BD62AC /* Sources */ = {
			isa = PBXSourcesBuildPhase;
			buildActionMask = 2147483647;
			files = (
				4E3CFB351B8EEF5000BD62AC /* MangerExampleUITests.swift in Sources */,
			);
			runOnlyForDeploymentPostprocessing = 0;
		};
/* End PBXSourcesBuildPhase section */

/* Begin PBXTargetDependency section */
		4E3CFB271B8EEF5000BD62AC /* PBXTargetDependency */ = {
			isa = PBXTargetDependency;
			target = 4E3CFB0E1B8EEF4F00BD62AC /* MangerExample */;
			targetProxy = 4E3CFB261B8EEF5000BD62AC /* PBXContainerItemProxy */;
		};
		4E3CFB321B8EEF5000BD62AC /* PBXTargetDependency */ = {
			isa = PBXTargetDependency;
			target = 4E3CFB0E1B8EEF4F00BD62AC /* MangerExample */;
			targetProxy = 4E3CFB311B8EEF5000BD62AC /* PBXContainerItemProxy */;
		};
/* End PBXTargetDependency section */

/* Begin PBXVariantGroup section */
		4E3CFB181B8EEF4F00BD62AC /* Main.storyboard */ = {
			isa = PBXVariantGroup;
			children = (
				4E3CFB191B8EEF4F00BD62AC /* Base */,
			);
			name = Main.storyboard;
			sourceTree = "<group>";
		};
		4E3CFB1D1B8EEF4F00BD62AC /* LaunchScreen.storyboard */ = {
			isa = PBXVariantGroup;
			children = (
				4E3CFB1E1B8EEF4F00BD62AC /* Base */,
			);
			name = LaunchScreen.storyboard;
			sourceTree = "<group>";
		};
/* End PBXVariantGroup section */

/* Begin XCBuildConfiguration section */
		4E3CFB371B8EEF5000BD62AC /* Debug */ = {
			isa = XCBuildConfiguration;
			buildSettings = {
				ALWAYS_SEARCH_USER_PATHS = NO;
				CLANG_CXX_LANGUAGE_STANDARD = "gnu++0x";
				CLANG_CXX_LIBRARY = "libc++";
				CLANG_ENABLE_MODULES = YES;
				CLANG_ENABLE_OBJC_ARC = YES;
				CLANG_WARN_BOOL_CONVERSION = YES;
				CLANG_WARN_CONSTANT_CONVERSION = YES;
				CLANG_WARN_DIRECT_OBJC_ISA_USAGE = YES_ERROR;
				CLANG_WARN_EMPTY_BODY = YES;
				CLANG_WARN_ENUM_CONVERSION = YES;
				CLANG_WARN_INT_CONVERSION = YES;
				CLANG_WARN_OBJC_ROOT_CLASS = YES_ERROR;
				CLANG_WARN_UNREACHABLE_CODE = YES;
				CLANG_WARN__DUPLICATE_METHOD_MATCH = YES;
				"CODE_SIGN_IDENTITY[sdk=iphoneos*]" = "iPhone Developer";
				COPY_PHASE_STRIP = NO;
				DEBUG_INFORMATION_FORMAT = dwarf;
				ENABLE_STRICT_OBJC_MSGSEND = YES;
				ENABLE_TESTABILITY = YES;
				GCC_C_LANGUAGE_STANDARD = gnu99;
				GCC_DYNAMIC_NO_PIC = NO;
				GCC_NO_COMMON_BLOCKS = YES;
				GCC_OPTIMIZATION_LEVEL = 0;
				GCC_PREPROCESSOR_DEFINITIONS = (
					"DEBUG=1",
					"$(inherited)",
				);
				GCC_WARN_64_TO_32_BIT_CONVERSION = YES;
				GCC_WARN_ABOUT_RETURN_TYPE = YES_ERROR;
				GCC_WARN_UNDECLARED_SELECTOR = YES;
				GCC_WARN_UNINITIALIZED_AUTOS = YES_AGGRESSIVE;
				GCC_WARN_UNUSED_FUNCTION = YES;
				GCC_WARN_UNUSED_VARIABLE = YES;
				IPHONEOS_DEPLOYMENT_TARGET = 9.0;
				MTL_ENABLE_DEBUG_INFO = YES;
				ONLY_ACTIVE_ARCH = YES;
				SDKROOT = iphoneos;
				SWIFT_OPTIMIZATION_LEVEL = "-Onone";
				TARGETED_DEVICE_FAMILY = "1,2";
			};
			name = Debug;
		};
		4E3CFB381B8EEF5000BD62AC /* Release */ = {
			isa = XCBuildConfiguration;
			buildSettings = {
				ALWAYS_SEARCH_USER_PATHS = NO;
				CLANG_CXX_LANGUAGE_STANDARD = "gnu++0x";
				CLANG_CXX_LIBRARY = "libc++";
				CLANG_ENABLE_MODULES = YES;
				CLANG_ENABLE_OBJC_ARC = YES;
				CLANG_WARN_BOOL_CONVERSION = YES;
				CLANG_WARN_CONSTANT_CONVERSION = YES;
				CLANG_WARN_DIRECT_OBJC_ISA_USAGE = YES_ERROR;
				CLANG_WARN_EMPTY_BODY = YES;
				CLANG_WARN_ENUM_CONVERSION = YES;
				CLANG_WARN_INT_CONVERSION = YES;
				CLANG_WARN_OBJC_ROOT_CLASS = YES_ERROR;
				CLANG_WARN_UNREACHABLE_CODE = YES;
				CLANG_WARN__DUPLICATE_METHOD_MATCH = YES;
				"CODE_SIGN_IDENTITY[sdk=iphoneos*]" = "iPhone Developer";
				COPY_PHASE_STRIP = NO;
				DEBUG_INFORMATION_FORMAT = "dwarf-with-dsym";
				ENABLE_NS_ASSERTIONS = NO;
				ENABLE_STRICT_OBJC_MSGSEND = YES;
				GCC_C_LANGUAGE_STANDARD = gnu99;
				GCC_NO_COMMON_BLOCKS = YES;
				GCC_WARN_64_TO_32_BIT_CONVERSION = YES;
				GCC_WARN_ABOUT_RETURN_TYPE = YES_ERROR;
				GCC_WARN_UNDECLARED_SELECTOR = YES;
				GCC_WARN_UNINITIALIZED_AUTOS = YES_AGGRESSIVE;
				GCC_WARN_UNUSED_FUNCTION = YES;
				GCC_WARN_UNUSED_VARIABLE = YES;
				IPHONEOS_DEPLOYMENT_TARGET = 9.0;
				MTL_ENABLE_DEBUG_INFO = NO;
				SDKROOT = iphoneos;
				TARGETED_DEVICE_FAMILY = "1,2";
				VALIDATE_PRODUCT = YES;
			};
			name = Release;
		};
		4E3CFB3A1B8EEF5000BD62AC /* Debug */ = {
			isa = XCBuildConfiguration;
			buildSettings = {
				ASSETCATALOG_COMPILER_APPICON_NAME = AppIcon;
				INFOPLIST_FILE = MangerExample/Info.plist;
				LD_RUNPATH_SEARCH_PATHS = "$(inherited) @executable_path/Frameworks";
				PRODUCT_BUNDLE_IDENTIFIER = com.michaelnisi.MangerExample;
				PRODUCT_NAME = "$(TARGET_NAME)";
			};
			name = Debug;
		};
		4E3CFB3B1B8EEF5000BD62AC /* Release */ = {
			isa = XCBuildConfiguration;
			buildSettings = {
				ASSETCATALOG_COMPILER_APPICON_NAME = AppIcon;
				INFOPLIST_FILE = MangerExample/Info.plist;
				LD_RUNPATH_SEARCH_PATHS = "$(inherited) @executable_path/Frameworks";
				PRODUCT_BUNDLE_IDENTIFIER = com.michaelnisi.MangerExample;
				PRODUCT_NAME = "$(TARGET_NAME)";
			};
			name = Release;
		};
		4E3CFB3D1B8EEF5000BD62AC /* Debug */ = {
			isa = XCBuildConfiguration;
			buildSettings = {
				BUNDLE_LOADER = "$(TEST_HOST)";
				INFOPLIST_FILE = MangerExampleTests/Info.plist;
				LD_RUNPATH_SEARCH_PATHS = "$(inherited) @executable_path/Frameworks @loader_path/Frameworks";
				PRODUCT_BUNDLE_IDENTIFIER = com.michaelnisi.MangerExampleTests;
				PRODUCT_NAME = "$(TARGET_NAME)";
				TEST_HOST = "$(BUILT_PRODUCTS_DIR)/MangerExample.app/MangerExample";
			};
			name = Debug;
		};
		4E3CFB3E1B8EEF5000BD62AC /* Release */ = {
			isa = XCBuildConfiguration;
			buildSettings = {
				BUNDLE_LOADER = "$(TEST_HOST)";
				INFOPLIST_FILE = MangerExampleTests/Info.plist;
				LD_RUNPATH_SEARCH_PATHS = "$(inherited) @executable_path/Frameworks @loader_path/Frameworks";
				PRODUCT_BUNDLE_IDENTIFIER = com.michaelnisi.MangerExampleTests;
				PRODUCT_NAME = "$(TARGET_NAME)";
				TEST_HOST = "$(BUILT_PRODUCTS_DIR)/MangerExample.app/MangerExample";
			};
			name = Release;
		};
		4E3CFB401B8EEF5000BD62AC /* Debug */ = {
			isa = XCBuildConfiguration;
			buildSettings = {
				INFOPLIST_FILE = MangerExampleUITests/Info.plist;
				LD_RUNPATH_SEARCH_PATHS = "$(inherited) @executable_path/Frameworks @loader_path/Frameworks";
				PRODUCT_BUNDLE_IDENTIFIER = com.michaelnisi.MangerExampleUITests;
				PRODUCT_NAME = "$(TARGET_NAME)";
				TEST_TARGET_NAME = MangerExample;
				USES_XCTRUNNER = YES;
			};
			name = Debug;
		};
		4E3CFB411B8EEF5000BD62AC /* Release */ = {
			isa = XCBuildConfiguration;
			buildSettings = {
				INFOPLIST_FILE = MangerExampleUITests/Info.plist;
				LD_RUNPATH_SEARCH_PATHS = "$(inherited) @executable_path/Frameworks @loader_path/Frameworks";
				PRODUCT_BUNDLE_IDENTIFIER = com.michaelnisi.MangerExampleUITests;
				PRODUCT_NAME = "$(TARGET_NAME)";
				TEST_TARGET_NAME = MangerExample;
				USES_XCTRUNNER = YES;
			};
			name = Release;
		};
/* End XCBuildConfiguration section */

/* Begin XCConfigurationList section */
		4E3CFB0A1B8EEF4F00BD62AC /* Build configuration list for PBXProject "MangerExample" */ = {
			isa = XCConfigurationList;
			buildConfigurations = (
				4E3CFB371B8EEF5000BD62AC /* Debug */,
				4E3CFB381B8EEF5000BD62AC /* Release */,
			);
			defaultConfigurationIsVisible = 0;
			defaultConfigurationName = Release;
		};
		4E3CFB391B8EEF5000BD62AC /* Build configuration list for PBXNativeTarget "MangerExample" */ = {
			isa = XCConfigurationList;
			buildConfigurations = (
				4E3CFB3A1B8EEF5000BD62AC /* Debug */,
				4E3CFB3B1B8EEF5000BD62AC /* Release */,
			);
			defaultConfigurationIsVisible = 0;
		};
		4E3CFB3C1B8EEF5000BD62AC /* Build configuration list for PBXNativeTarget "MangerExampleTests" */ = {
			isa = XCConfigurationList;
			buildConfigurations = (
				4E3CFB3D1B8EEF5000BD62AC /* Debug */,
				4E3CFB3E1B8EEF5000BD62AC /* Release */,
			);
			defaultConfigurationIsVisible = 0;
		};
		4E3CFB3F1B8EEF5000BD62AC /* Build configuration list for PBXNativeTarget "MangerExampleUITests" */ = {
			isa = XCConfigurationList;
			buildConfigurations = (
				4E3CFB401B8EEF5000BD62AC /* Debug */,
				4E3CFB411B8EEF5000BD62AC /* Release */,
			);
			defaultConfigurationIsVisible = 0;
		};
/* End XCConfigurationList section */
	};
	rootObject = 4E3CFB071B8EEF4F00BD62AC /* Project object */;
}
